
Microsoft Visual Studio Solution File, Format Version 12.00
# Visual Studio Version 17
VisualStudioVersion = 17.1.32228.430
MinimumVisualStudioVersion = 10.0.40219.1
Project("{FAE04EC0-301F-11D3-BF4B-00C04F79EFBC}") = "API.Tarea4", "Api.Tarea4\API.Tarea4.csproj", "{D8A9E8B2-DA1C-4BA6-AD4C-3E5F2E663E4B}"
EndProject
Project("{FAE04EC0-301F-11D3-BF4B-00C04F79EFBC}") = "API.DataAccess", "API.DataAccess\API.DataAccess.csproj", "{2A569BE4-61D1-4FD5-B597-5ECE57520D74}"
EndProject
Global
	GlobalSection(SolutionConfigurationPlatforms) = preSolution
		Debug|Any CPU = Debug|Any CPU
		Release|Any CPU = Release|Any CPU
	EndGlobalSection
	GlobalSection(ProjectConfigurationPlatforms) = postSolution
		{D8A9E8B2-DA1C-4BA6-AD4C-3E5F2E663E4B}.Debug|Any CPU.ActiveCfg = Debug|Any CPU
		{D8A9E8B2-DA1C-4BA6-AD4C-3E5F2E663E4B}.Debug|Any CPU.Build.0 = Debug|Any CPU
		{D8A9E8B2-DA1C-4BA6-AD4C-3E5F2E663E4B}.Release|Any CPU.ActiveCfg = Release|Any CPU
		{D8A9E8B2-DA1C-4BA6-AD4C-3E5F2E663E4B}.Release|Any CPU.Build.0 = Release|Any CPU
		{2A569BE4-61D1-4FD5-B597-5ECE57520D74}.Debug|Any CPU.ActiveCfg = Debug|Any CPU
		{2A569BE4-61D1-4FD5-B597-5ECE57520D74}.Debug|Any CPU.Build.0 = Debug|Any CPU
		{2A569BE4-61D1-4FD5-B597-5ECE57520D74}.Release|Any CPU.ActiveCfg = Release|Any CPU
		{2A569BE4-61D1-4FD5-B597-5ECE57520D74}.Release|Any CPU.Build.0 = Release|Any CPU
	EndGlobalSection
	GlobalSection(SolutionProperties) = preSolution
		HideSolutionNode = FALSE
	EndGlobalSection
	GlobalSection(ExtensibilityGlobals) = postSolution
		SolutionGuid = {17DEA630-8F2C-4F94-A7CA-9871FADCDAA8}
	EndGlobalSection
EndGlobal
